
Microsoft Visual Studio Solution File, Format Version 12.00
# Visual Studio 15
VisualStudioVersion = 15.0.27703.2035
MinimumVisualStudioVersion = 10.0.40219.1
Project("{FAE04EC0-301F-11D3-BF4B-00C04F79EFBC}") = "Sweepstakes", "Sweepstakes\Sweepstakes.csproj", "{B1C53F5C-B045-48DF-BCB9-3B7C150CE44B}"
EndProject
Global
	GlobalSection(SolutionConfigurationPlatforms) = preSolution
		Debug|Any CPU = Debug|Any CPU
		Release|Any CPU = Release|Any CPU
	EndGlobalSection
	GlobalSection(ProjectConfigurationPlatforms) = postSolution
		{B1C53F5C-B045-48DF-BCB9-3B7C150CE44B}.Debug|Any CPU.ActiveCfg = Debug|Any CPU
		{B1C53F5C-B045-48DF-BCB9-3B7C150CE44B}.Debug|Any CPU.Build.0 = Debug|Any CPU
		{B1C53F5C-B045-48DF-BCB9-3B7C150CE44B}.Release|Any CPU.ActiveCfg = Release|Any CPU
		{B1C53F5C-B045-48DF-BCB9-3B7C150CE44B}.Release|Any CPU.Build.0 = Release|Any CPU
	EndGlobalSection
	GlobalSection(SolutionProperties) = preSolution
		HideSolutionNode = FALSE
	EndGlobalSection
	GlobalSection(ExtensibilityGlobals) = postSolution
		SolutionGuid = {9DDAFDC9-625C-49F1-AFA9-DF28BA14279E}
	EndGlobalSection
EndGlobal
